
Microsoft Visual Studio Solution File, Format Version 12.00
# Visual Studio 15
VisualStudioVersion = 15.0.26124.0
MinimumVisualStudioVersion = 15.0.26124.0
Project("{FAE04EC0-301F-11D3-BF4B-00C04F79EFBC}") = "Porto.API", "Porto.API\Porto.API.csproj", "{EF9BC9A4-1E43-45FB-9790-6224AB77A337}"
EndProject
Project("{FAE04EC0-301F-11D3-BF4B-00C04F79EFBC}") = "Porto.Business", "Porto.Business\Porto.Business.csproj", "{A98355CB-B662-4751-A9D1-84EA4A366E53}"
EndProject
Project("{FAE04EC0-301F-11D3-BF4B-00C04F79EFBC}") = "Porto.Data", "Porto.Data\Porto.Data.csproj", "{BCE76283-EB76-4EFC-8EDC-8A6E73EB4D4C}"
EndProject
Global
	GlobalSection(SolutionConfigurationPlatforms) = preSolution
		Debug|Any CPU = Debug|Any CPU
		Debug|x64 = Debug|x64
		Debug|x86 = Debug|x86
		Release|Any CPU = Release|Any CPU
		Release|x64 = Release|x64
		Release|x86 = Release|x86
	EndGlobalSection
	GlobalSection(SolutionProperties) = preSolution
		HideSolutionNode = FALSE
	EndGlobalSection
	GlobalSection(ProjectConfigurationPlatforms) = postSolution
		{EF9BC9A4-1E43-45FB-9790-6224AB77A337}.Debug|Any CPU.ActiveCfg = Debug|Any CPU
		{EF9BC9A4-1E43-45FB-9790-6224AB77A337}.Debug|Any CPU.Build.0 = Debug|Any CPU
		{EF9BC9A4-1E43-45FB-9790-6224AB77A337}.Debug|x64.ActiveCfg = Debug|Any CPU
		{EF9BC9A4-1E43-45FB-9790-6224AB77A337}.Debug|x64.Build.0 = Debug|Any CPU
		{EF9BC9A4-1E43-45FB-9790-6224AB77A337}.Debug|x86.ActiveCfg = Debug|Any CPU
		{EF9BC9A4-1E43-45FB-9790-6224AB77A337}.Debug|x86.Build.0 = Debug|Any CPU
		{EF9BC9A4-1E43-45FB-9790-6224AB77A337}.Release|Any CPU.ActiveCfg = Release|Any CPU
		{EF9BC9A4-1E43-45FB-9790-6224AB77A337}.Release|Any CPU.Build.0 = Release|Any CPU
		{EF9BC9A4-1E43-45FB-9790-6224AB77A337}.Release|x64.ActiveCfg = Release|Any CPU
		{EF9BC9A4-1E43-45FB-9790-6224AB77A337}.Release|x64.Build.0 = Release|Any CPU
		{EF9BC9A4-1E43-45FB-9790-6224AB77A337}.Release|x86.ActiveCfg = Release|Any CPU
		{EF9BC9A4-1E43-45FB-9790-6224AB77A337}.Release|x86.Build.0 = Release|Any CPU
		{A98355CB-B662-4751-A9D1-84EA4A366E53}.Debug|Any CPU.ActiveCfg = Debug|Any CPU
		{A98355CB-B662-4751-A9D1-84EA4A366E53}.Debug|Any CPU.Build.0 = Debug|Any CPU
		{A98355CB-B662-4751-A9D1-84EA4A366E53}.Debug|x64.ActiveCfg = Debug|Any CPU
		{A98355CB-B662-4751-A9D1-84EA4A366E53}.Debug|x64.Build.0 = Debug|Any CPU
		{A98355CB-B662-4751-A9D1-84EA4A366E53}.Debug|x86.ActiveCfg = Debug|Any CPU
		{A98355CB-B662-4751-A9D1-84EA4A366E53}.Debug|x86.Build.0 = Debug|Any CPU
		{A98355CB-B662-4751-A9D1-84EA4A366E53}.Release|Any CPU.ActiveCfg = Release|Any CPU
		{A98355CB-B662-4751-A9D1-84EA4A366E53}.Release|Any CPU.Build.0 = Release|Any CPU
		{A98355CB-B662-4751-A9D1-84EA4A366E53}.Release|x64.ActiveCfg = Release|Any CPU
		{A98355CB-B662-4751-A9D1-84EA4A366E53}.Release|x64.Build.0 = Release|Any CPU
		{A98355CB-B662-4751-A9D1-84EA4A366E53}.Release|x86.ActiveCfg = Release|Any CPU
		{A98355CB-B662-4751-A9D1-84EA4A366E53}.Release|x86.Build.0 = Release|Any CPU
		{BCE76283-EB76-4EFC-8EDC-8A6E73EB4D4C}.Debug|Any CPU.ActiveCfg = Debug|Any CPU
		{BCE76283-EB76-4EFC-8EDC-8A6E73EB4D4C}.Debug|Any CPU.Build.0 = Debug|Any CPU
		{BCE76283-EB76-4EFC-8EDC-8A6E73EB4D4C}.Debug|x64.ActiveCfg = Debug|Any CPU
		{BCE76283-EB76-4EFC-8EDC-8A6E73EB4D4C}.Debug|x64.Build.0 = Debug|Any CPU
		{BCE76283-EB76-4EFC-8EDC-8A6E73EB4D4C}.Debug|x86.ActiveCfg = Debug|Any CPU
		{BCE76283-EB76-4EFC-8EDC-8A6E73EB4D4C}.Debug|x86.Build.0 = Debug|Any CPU
		{BCE76283-EB76-4EFC-8EDC-8A6E73EB4D4C}.Release|Any CPU.ActiveCfg = Release|Any CPU
		{BCE76283-EB76-4EFC-8EDC-8A6E73EB4D4C}.Release|Any CPU.Build.0 = Release|Any CPU
		{BCE76283-EB76-4EFC-8EDC-8A6E73EB4D4C}.Release|x64.ActiveCfg = Release|Any CPU
		{BCE76283-EB76-4EFC-8EDC-8A6E73EB4D4C}.Release|x64.Build.0 = Release|Any CPU
		{BCE76283-EB76-4EFC-8EDC-8A6E73EB4D4C}.Release|x86.ActiveCfg = Release|Any CPU
		{BCE76283-EB76-4EFC-8EDC-8A6E73EB4D4C}.Release|x86.Build.0 = Release|Any CPU
	EndGlobalSection
EndGlobal
